[dependencies]
  [dependencies.kcl1]
    name = "kcl1"
    full_name = "kcl1_0.0.1"
    version = "0.0.1"
    sum = "c5bjxiHbwJqWCdBwXLOr9MydCTis3nJotrOzozkPsKo="
    reg = "ghcr.io"
    repo = "kcl-lang/kcl1"
    oci_tag = "0.0.1"
  [dependencies.kcl2]
    name = "kcl2"
    full_name = "kcl2_0.0.1"
    version = "0.0.1"
    sum = "OiA7IJfhi9bLp3d+Phc6ncgWE8XwpXqkGvhF5BOpf34="
    reg = "ghcr.io"
    repo = "kcl-lang/kcl2"
    oci_tag = "0.0.1"
