[dependencies]
  [dependencies.dep_pkg]
    name = "dep_pkg"
    full_name = "dep_pkg_0.0.1"
    version = "0.0.1"
    sum = "C3TjaZJVdt4G8TtbiCxTUO/zAlf7fWJTAvs/CDMnlxY="
    path = "../dep_pkg"
  [dependencies.helloworld]
    name = "helloworld"
    full_name = "helloworld_0.1.1"
    version = "0.1.1"
    sum = "7OO4YK2QuRWPq9C7KTzcWcti5yUnueCjptT3OXiPVeQ="
    reg = "ghcr.io"
    repo = "kcl-lang/helloworld"
    oci_tag = "0.1.1"
