[dependencies]
  [dependencies.fluxcd-source-controller]
    name = "fluxcd-source-controller"
    full_name = "fluxcd-source-controller_v1.3.2"
    version = "v1.3.2"
    reg = "ghcr.io"
    repo = "kcl-lang/fluxcd-source-controller"
    oci_tag = "v1.3.2"
  [dependencies.k8s]
    name = "k8s"
    full_name = "k8s_1.31.2"
    version = "1.31.2"
    reg = "ghcr.io"
    repo = "kcl-lang/k8s"
    oci_tag = "1.31.2"
