[dependencies]
  [dependencies.crossplane]
    name = "crossplane"
    full_name = "crossplane_1.17.3"
    version = "1.17.3"
    sum = "8hx/1t6Gn0UZjaycAJIJ2Xj1R7vefZq7mMpAim21COc="
    reg = "ghcr.io"
    repo = "kcl-lang/crossplane"
    oci_tag = "1.17.3"
  [dependencies.json_merge_patch]
    name = "json_merge_patch"
    full_name = "json_merge_patch_0.1.1"
    version = "0.1.1"
    sum = "o1aamShk1L2MGjnN9u3IErRZ3xBNDxgmFxXsGVMt8Wk="
    reg = "ghcr.io"
    repo = "kcl-lang/json_merge_patch"
    oci_tag = "0.1.1"
  [dependencies.k8s]
    name = "k8s"
    full_name = "k8s_1.31.2"
    version = "1.31.2"
    sum = "xBZgPsnpVVyWBpahuPQHReeRx28eUHGFoaPeqbct+vs="
    reg = "ghcr.io"
    repo = "kcl-lang/k8s"
    oci_tag = "1.31.2"
