[dependencies]
  [dependencies.name]
    name = "name"
    full_name = "test_url_test_tag"
    version = "test_tag"
    url = "test_url"
    git_tag = "test_tag"
  [dependencies.oci_name]
    name = "oci_name"
    full_name = "oci_name_test_tag"
    version = "test_tag"
    reg = "test_reg"
    repo = "test_repo"
    oci_tag = "test_tag"
